Microsoft Visual Studio Solution File, Format Version 11.00
# Visual Studio 2008

Project("{BE70B00B-B3C4-4A15-1F55-C80ABE237F92}") = "ShaderDemo", "Assembly-CSharp-firstpass-vs.csproj", "{58263E1A-8F5C-7BF6-80E8-EA78A8266157}"
EndProject
Project("{BE70B00B-B3C4-4A15-1F55-C80ABE237F92}") = "ShaderDemo", "Assembly-CSharp-vs.csproj", "{CCFFBAE3-0C03-A991-6C04-9DA48B6BD8FB}"
EndProject
Global
	GlobalSection(SolutionConfigurationPlatforms) = preSolution
		Debug|Any CPU = Debug|Any CPU
		Release|Any CPU = Release|Any CPU
	EndGlobalSection
	GlobalSection(ProjectConfigurationPlatforms) = postSolution
		{58263E1A-8F5C-7BF6-80E8-EA78A8266157}.Debug|Any CPU.ActiveCfg = Debug|Any CPU
		{58263E1A-8F5C-7BF6-80E8-EA78A8266157}.Debug|Any CPU.Build.0 = Debug|Any CPU
		{58263E1A-8F5C-7BF6-80E8-EA78A8266157}.Release|Any CPU.ActiveCfg = Release|Any CPU
		{58263E1A-8F5C-7BF6-80E8-EA78A8266157}.Release|Any CPU.Build.0 = Release|Any CPU
		{CCFFBAE3-0C03-A991-6C04-9DA48B6BD8FB}.Debug|Any CPU.ActiveCfg = Debug|Any CPU
		{CCFFBAE3-0C03-A991-6C04-9DA48B6BD8FB}.Debug|Any CPU.Build.0 = Debug|Any CPU
		{CCFFBAE3-0C03-A991-6C04-9DA48B6BD8FB}.Release|Any CPU.ActiveCfg = Release|Any CPU
		{CCFFBAE3-0C03-A991-6C04-9DA48B6BD8FB}.Release|Any CPU.Build.0 = Release|Any CPU
	EndGlobalSection
	GlobalSection(SolutionProperties) = preSolution
		HideSolutionNode = FALSE
	EndGlobalSection
																																																																																																																																																																																																			GlobalSection(MonoDevelopProperties) = preSolution
		StartupItem = Assembly-CSharp.csproj
		Policies = $0
		$0.TextStylePolicy = $1
		$1.inheritsSet = null
		$1.scope = text/x-csharp
		$0.CSharpFormattingPolicy = $2
		$2.inheritsSet = Mono
		$2.inheritsScope = text/x-csharp
		$2.scope = text/x-csharp
		$0.TextStylePolicy = $3
		$3.FileWidth = 120
		$3.TabWidth = 4
		$3.EolMarker = Unix
		$3.inheritsSet = Mono
		$3.inheritsScope = text/plain
		$3.scope = text/plain
	EndGlobalSection

EndGlobal
